
Microsoft Visual Studio Solution File, Format Version 12.00
# Visual Studio Version 17
VisualStudioVersion = 17.6.33815.320
MinimumVisualStudioVersion = 10.0.40219.1
Project("{FAE04EC0-301F-11D3-BF4B-00C04F79EFBC}") = "CGO_Day02_Chisocannang", "CGO_Day02_Chisocannang\CGO_Day02_Chisocannang.csproj", "{7FE586DC-C440-48F7-B9E5-A4337FEB355E}"
EndProject
Global
	GlobalSection(SolutionConfigurationPlatforms) = preSolution
		Debug|Any CPU = Debug|Any CPU
		Release|Any CPU = Release|Any CPU
	EndGlobalSection
	GlobalSection(ProjectConfigurationPlatforms) = postSolution
		{7FE586DC-C440-48F7-B9E5-A4337FEB355E}.Debug|Any CPU.ActiveCfg = Debug|Any CPU
		{7FE586DC-C440-48F7-B9E5-A4337FEB355E}.Debug|Any CPU.Build.0 = Debug|Any CPU
		{7FE586DC-C440-48F7-B9E5-A4337FEB355E}.Release|Any CPU.ActiveCfg = Release|Any CPU
		{7FE586DC-C440-48F7-B9E5-A4337FEB355E}.Release|Any CPU.Build.0 = Release|Any CPU
	EndGlobalSection
	GlobalSection(SolutionProperties) = preSolution
		HideSolutionNode = FALSE
	EndGlobalSection
	GlobalSection(ExtensibilityGlobals) = postSolution
		SolutionGuid = {9F53EE23-1298-4D9D-BFDD-EB321CFFC2FA}
	EndGlobalSection
EndGlobal
