
Microsoft Visual Studio Solution File, Format Version 12.00
# Visual Studio Version 17
VisualStudioVersion = 17.6.33815.320
MinimumVisualStudioVersion = 10.0.40219.1
Project("{FAE04EC0-301F-11D3-BF4B-00C04F79EFBC}") = "CGO_Day01_inmenu", "CGO_Day01_inmenu\CGO_Day01_inmenu.csproj", "{07F12C6B-E520-4FC6-98FC-26C475AB3961}"
EndProject
Global
	GlobalSection(SolutionConfigurationPlatforms) = preSolution
		Debug|Any CPU = Debug|Any CPU
		Release|Any CPU = Release|Any CPU
	EndGlobalSection
	GlobalSection(ProjectConfigurationPlatforms) = postSolution
		{07F12C6B-E520-4FC6-98FC-26C475AB3961}.Debug|Any CPU.ActiveCfg = Debug|Any CPU
		{07F12C6B-E520-4FC6-98FC-26C475AB3961}.Debug|Any CPU.Build.0 = Debug|Any CPU
		{07F12C6B-E520-4FC6-98FC-26C475AB3961}.Release|Any CPU.ActiveCfg = Release|Any CPU
		{07F12C6B-E520-4FC6-98FC-26C475AB3961}.Release|Any CPU.Build.0 = Release|Any CPU
	EndGlobalSection
	GlobalSection(SolutionProperties) = preSolution
		HideSolutionNode = FALSE
	EndGlobalSection
	GlobalSection(ExtensibilityGlobals) = postSolution
		SolutionGuid = {0D765068-B0CA-4858-A90A-C3DE73BA6D93}
	EndGlobalSection
EndGlobal
