
Microsoft Visual Studio Solution File, Format Version 12.00
# Visual Studio Version 17
VisualStudioVersion = 17.6.33815.320
MinimumVisualStudioVersion = 10.0.40219.1
Project("{FAE04EC0-301F-11D3-BF4B-00C04F79EFBC}") = "CGO_Day03_inhinh", "CGO_Day03_inhinh\CGO_Day03_inhinh.csproj", "{F5C84EF7-4D40-400B-ABA6-FA39EA402284}"
EndProject
Global
	GlobalSection(SolutionConfigurationPlatforms) = preSolution
		Debug|Any CPU = Debug|Any CPU
		Release|Any CPU = Release|Any CPU
	EndGlobalSection
	GlobalSection(ProjectConfigurationPlatforms) = postSolution
		{F5C84EF7-4D40-400B-ABA6-FA39EA402284}.Debug|Any CPU.ActiveCfg = Debug|Any CPU
		{F5C84EF7-4D40-400B-ABA6-FA39EA402284}.Debug|Any CPU.Build.0 = Debug|Any CPU
		{F5C84EF7-4D40-400B-ABA6-FA39EA402284}.Release|Any CPU.ActiveCfg = Release|Any CPU
		{F5C84EF7-4D40-400B-ABA6-FA39EA402284}.Release|Any CPU.Build.0 = Release|Any CPU
	EndGlobalSection
	GlobalSection(SolutionProperties) = preSolution
		HideSolutionNode = FALSE
	EndGlobalSection
	GlobalSection(ExtensibilityGlobals) = postSolution
		SolutionGuid = {5E9465EA-C56D-4D0F-8244-7DEB63C42089}
	EndGlobalSection
EndGlobal
