
Microsoft Visual Studio Solution File, Format Version 12.00
# Visual Studio Version 17
VisualStudioVersion = 17.6.33815.320
MinimumVisualStudioVersion = 10.0.40219.1
Project("{FAE04EC0-301F-11D3-BF4B-00C04F79EFBC}") = "luyentap", "luyentap\luyentap.csproj", "{58BE05F1-10D0-41CE-88F6-4D8405FDFF24}"
EndProject
Global
	GlobalSection(SolutionConfigurationPlatforms) = preSolution
		Debug|Any CPU = Debug|Any CPU
		Release|Any CPU = Release|Any CPU
	EndGlobalSection
	GlobalSection(ProjectConfigurationPlatforms) = postSolution
		{58BE05F1-10D0-41CE-88F6-4D8405FDFF24}.Debug|Any CPU.ActiveCfg = Debug|Any CPU
		{58BE05F1-10D0-41CE-88F6-4D8405FDFF24}.Debug|Any CPU.Build.0 = Debug|Any CPU
		{58BE05F1-10D0-41CE-88F6-4D8405FDFF24}.Release|Any CPU.ActiveCfg = Release|Any CPU
		{58BE05F1-10D0-41CE-88F6-4D8405FDFF24}.Release|Any CPU.Build.0 = Release|Any CPU
	EndGlobalSection
	GlobalSection(SolutionProperties) = preSolution
		HideSolutionNode = FALSE
	EndGlobalSection
	GlobalSection(ExtensibilityGlobals) = postSolution
		SolutionGuid = {60266737-C1AD-4670-A51E-0042293954E3}
	EndGlobalSection
EndGlobal
