
Microsoft Visual Studio Solution File, Format Version 12.00
# Visual Studio Version 17
VisualStudioVersion = 17.6.33815.320
MinimumVisualStudioVersion = 10.0.40219.1
Project("{FAE04EC0-301F-11D3-BF4B-00C04F79EFBC}") = "CGO_Thuchanh_Snakegame", "CGO_Thuchanh_Snakegame\CGO_Thuchanh_Snakegame.csproj", "{5618DF1E-8375-4A64-A90E-01FB2A11C730}"
EndProject
Global
	GlobalSection(SolutionConfigurationPlatforms) = preSolution
		Debug|Any CPU = Debug|Any CPU
		Release|Any CPU = Release|Any CPU
	EndGlobalSection
	GlobalSection(ProjectConfigurationPlatforms) = postSolution
		{5618DF1E-8375-4A64-A90E-01FB2A11C730}.Debug|Any CPU.ActiveCfg = Debug|Any CPU
		{5618DF1E-8375-4A64-A90E-01FB2A11C730}.Debug|Any CPU.Build.0 = Debug|Any CPU
		{5618DF1E-8375-4A64-A90E-01FB2A11C730}.Release|Any CPU.ActiveCfg = Release|Any CPU
		{5618DF1E-8375-4A64-A90E-01FB2A11C730}.Release|Any CPU.Build.0 = Release|Any CPU
	EndGlobalSection
	GlobalSection(SolutionProperties) = preSolution
		HideSolutionNode = FALSE
	EndGlobalSection
	GlobalSection(ExtensibilityGlobals) = postSolution
		SolutionGuid = {85750FCA-42A5-4703-8FC9-3BB678112BEF}
	EndGlobalSection
EndGlobal
