
Microsoft Visual Studio Solution File, Format Version 12.00
# Visual Studio Version 17
VisualStudioVersion = 17.6.33815.320
MinimumVisualStudioVersion = 10.0.40219.1
Project("{FAE04EC0-301F-11D3-BF4B-00C04F79EFBC}") = "luyentap2", "luyentap2\luyentap2.csproj", "{42746965-7308-41EA-BEF8-7AF7F143FB34}"
EndProject
Global
	GlobalSection(SolutionConfigurationPlatforms) = preSolution
		Debug|Any CPU = Debug|Any CPU
		Release|Any CPU = Release|Any CPU
	EndGlobalSection
	GlobalSection(ProjectConfigurationPlatforms) = postSolution
		{42746965-7308-41EA-BEF8-7AF7F143FB34}.Debug|Any CPU.ActiveCfg = Debug|Any CPU
		{42746965-7308-41EA-BEF8-7AF7F143FB34}.Debug|Any CPU.Build.0 = Debug|Any CPU
		{42746965-7308-41EA-BEF8-7AF7F143FB34}.Release|Any CPU.ActiveCfg = Release|Any CPU
		{42746965-7308-41EA-BEF8-7AF7F143FB34}.Release|Any CPU.Build.0 = Release|Any CPU
	EndGlobalSection
	GlobalSection(SolutionProperties) = preSolution
		HideSolutionNode = FALSE
	EndGlobalSection
	GlobalSection(ExtensibilityGlobals) = postSolution
		SolutionGuid = {35DCB578-DDC0-46BA-9C9B-721F20C54742}
	EndGlobalSection
EndGlobal
