
Microsoft Visual Studio Solution File, Format Version 12.00
# Visual Studio Version 17
VisualStudioVersion = 17.6.33815.320
MinimumVisualStudioVersion = 10.0.40219.1
Project("{FAE04EC0-301F-11D3-BF4B-00C04F79EFBC}") = "CGO_Dau05_tongphantumang", "CGO_Dau05_tongphantumang\CGO_Dau05_tongphantumang.csproj", "{D97D40C0-2E07-40F5-9B49-D2C632BF1F02}"
EndProject
Global
	GlobalSection(SolutionConfigurationPlatforms) = preSolution
		Debug|Any CPU = Debug|Any CPU
		Release|Any CPU = Release|Any CPU
	EndGlobalSection
	GlobalSection(ProjectConfigurationPlatforms) = postSolution
		{D97D40C0-2E07-40F5-9B49-D2C632BF1F02}.Debug|Any CPU.ActiveCfg = Debug|Any CPU
		{D97D40C0-2E07-40F5-9B49-D2C632BF1F02}.Debug|Any CPU.Build.0 = Debug|Any CPU
		{D97D40C0-2E07-40F5-9B49-D2C632BF1F02}.Release|Any CPU.ActiveCfg = Release|Any CPU
		{D97D40C0-2E07-40F5-9B49-D2C632BF1F02}.Release|Any CPU.Build.0 = Release|Any CPU
	EndGlobalSection
	GlobalSection(SolutionProperties) = preSolution
		HideSolutionNode = FALSE
	EndGlobalSection
	GlobalSection(ExtensibilityGlobals) = postSolution
		SolutionGuid = {96CF4BEC-657C-4A26-944B-6CE38EBCCDF8}
	EndGlobalSection
EndGlobal
