
Microsoft Visual Studio Solution File, Format Version 12.00
# Visual Studio Version 17
VisualStudioVersion = 17.6.33815.320
MinimumVisualStudioVersion = 10.0.40219.1
Project("{FAE04EC0-301F-11D3-BF4B-00C04F79EFBC}") = "CGO_Day01_Hienthiloichao", "CGO_Day01_Hienthiloichao\CGO_Day01_Hienthiloichao.csproj", "{747BCD62-5712-48C8-A297-F841B4D81BBF}"
EndProject
Global
	GlobalSection(SolutionConfigurationPlatforms) = preSolution
		Debug|Any CPU = Debug|Any CPU
		Release|Any CPU = Release|Any CPU
	EndGlobalSection
	GlobalSection(ProjectConfigurationPlatforms) = postSolution
		{747BCD62-5712-48C8-A297-F841B4D81BBF}.Debug|Any CPU.ActiveCfg = Debug|Any CPU
		{747BCD62-5712-48C8-A297-F841B4D81BBF}.Debug|Any CPU.Build.0 = Debug|Any CPU
		{747BCD62-5712-48C8-A297-F841B4D81BBF}.Release|Any CPU.ActiveCfg = Release|Any CPU
		{747BCD62-5712-48C8-A297-F841B4D81BBF}.Release|Any CPU.Build.0 = Release|Any CPU
	EndGlobalSection
	GlobalSection(SolutionProperties) = preSolution
		HideSolutionNode = FALSE
	EndGlobalSection
	GlobalSection(ExtensibilityGlobals) = postSolution
		SolutionGuid = {8CC8FFC3-31D3-46CC-A7EE-50EC587A2A4F}
	EndGlobalSection
EndGlobal
