
Microsoft Visual Studio Solution File, Format Version 12.00
# Visual Studio Version 17
VisualStudioVersion = 17.6.33815.320
MinimumVisualStudioVersion = 10.0.40219.1
Project("{FAE04EC0-301F-11D3-BF4B-00C04F79EFBC}") = "CGO_Day01_Chuyendoitiente", "CGO_Day01_Chuyendoitiente\CGO_Day01_Chuyendoitiente.csproj", "{5A5948DE-4EC6-48F9-997F-E2884BF5152C}"
EndProject
Global
	GlobalSection(SolutionConfigurationPlatforms) = preSolution
		Debug|Any CPU = Debug|Any CPU
		Release|Any CPU = Release|Any CPU
	EndGlobalSection
	GlobalSection(ProjectConfigurationPlatforms) = postSolution
		{5A5948DE-4EC6-48F9-997F-E2884BF5152C}.Debug|Any CPU.ActiveCfg = Debug|Any CPU
		{5A5948DE-4EC6-48F9-997F-E2884BF5152C}.Debug|Any CPU.Build.0 = Debug|Any CPU
		{5A5948DE-4EC6-48F9-997F-E2884BF5152C}.Release|Any CPU.ActiveCfg = Release|Any CPU
		{5A5948DE-4EC6-48F9-997F-E2884BF5152C}.Release|Any CPU.Build.0 = Release|Any CPU
	EndGlobalSection
	GlobalSection(SolutionProperties) = preSolution
		HideSolutionNode = FALSE
	EndGlobalSection
	GlobalSection(ExtensibilityGlobals) = postSolution
		SolutionGuid = {7E7490AB-DE07-4FC1-A439-462DF586D0A2}
	EndGlobalSection
EndGlobal
