
Microsoft Visual Studio Solution File, Format Version 12.00
# Visual Studio Version 17
VisualStudioVersion = 17.6.33815.320
MinimumVisualStudioVersion = 10.0.40219.1
Project("{FAE04EC0-301F-11D3-BF4B-00C04F79EFBC}") = "CGO_Day05_timgiatritrongmang", "CGO_Day05_timgiatritrongmang\CGO_Day05_timgiatritrongmang.csproj", "{423315E2-ACFC-42E2-BF85-49634F10CCF2}"
EndProject
Global
	GlobalSection(SolutionConfigurationPlatforms) = preSolution
		Debug|Any CPU = Debug|Any CPU
		Release|Any CPU = Release|Any CPU
	EndGlobalSection
	GlobalSection(ProjectConfigurationPlatforms) = postSolution
		{423315E2-ACFC-42E2-BF85-49634F10CCF2}.Debug|Any CPU.ActiveCfg = Debug|Any CPU
		{423315E2-ACFC-42E2-BF85-49634F10CCF2}.Debug|Any CPU.Build.0 = Debug|Any CPU
		{423315E2-ACFC-42E2-BF85-49634F10CCF2}.Release|Any CPU.ActiveCfg = Release|Any CPU
		{423315E2-ACFC-42E2-BF85-49634F10CCF2}.Release|Any CPU.Build.0 = Release|Any CPU
	EndGlobalSection
	GlobalSection(SolutionProperties) = preSolution
		HideSolutionNode = FALSE
	EndGlobalSection
	GlobalSection(ExtensibilityGlobals) = postSolution
		SolutionGuid = {D144A4C9-2BEE-475F-AB9A-45E29563DFFD}
	EndGlobalSection
EndGlobal
