
Microsoft Visual Studio Solution File, Format Version 12.00
# Visual Studio Version 17
VisualStudioVersion = 17.6.33815.320
MinimumVisualStudioVersion = 10.0.40219.1
Project("{FAE04EC0-301F-11D3-BF4B-00C04F79EFBC}") = "CGO_Day02_Giaiphuongtrinh", "CGO_Day02_Giaiphuongtrinh\CGO_Day02_Giaiphuongtrinh.csproj", "{225C881A-37BA-472A-BE07-BF16E09574CA}"
EndProject
Global
	GlobalSection(SolutionConfigurationPlatforms) = preSolution
		Debug|Any CPU = Debug|Any CPU
		Release|Any CPU = Release|Any CPU
	EndGlobalSection
	GlobalSection(ProjectConfigurationPlatforms) = postSolution
		{225C881A-37BA-472A-BE07-BF16E09574CA}.Debug|Any CPU.ActiveCfg = Debug|Any CPU
		{225C881A-37BA-472A-BE07-BF16E09574CA}.Debug|Any CPU.Build.0 = Debug|Any CPU
		{225C881A-37BA-472A-BE07-BF16E09574CA}.Release|Any CPU.ActiveCfg = Release|Any CPU
		{225C881A-37BA-472A-BE07-BF16E09574CA}.Release|Any CPU.Build.0 = Release|Any CPU
	EndGlobalSection
	GlobalSection(SolutionProperties) = preSolution
		HideSolutionNode = FALSE
	EndGlobalSection
	GlobalSection(ExtensibilityGlobals) = postSolution
		SolutionGuid = {742B72F1-ED43-4D10-969E-05B0817FB042}
	EndGlobalSection
EndGlobal
