
Microsoft Visual Studio Solution File, Format Version 12.00
# Visual Studio Version 17
VisualStudioVersion = 17.6.33815.320
MinimumVisualStudioVersion = 10.0.40219.1
Project("{FAE04EC0-301F-11D3-BF4B-00C04F79EFBC}") = "CGO_Day01_01_Showtimes", "CGO_Day01_01_Showtimes\CGO_Day01_01_Showtimes.csproj", "{5906E077-2449-4941-89E0-E3C8A145476E}"
EndProject
Global
	GlobalSection(SolutionConfigurationPlatforms) = preSolution
		Debug|Any CPU = Debug|Any CPU
		Release|Any CPU = Release|Any CPU
	EndGlobalSection
	GlobalSection(ProjectConfigurationPlatforms) = postSolution
		{5906E077-2449-4941-89E0-E3C8A145476E}.Debug|Any CPU.ActiveCfg = Debug|Any CPU
		{5906E077-2449-4941-89E0-E3C8A145476E}.Debug|Any CPU.Build.0 = Debug|Any CPU
		{5906E077-2449-4941-89E0-E3C8A145476E}.Release|Any CPU.ActiveCfg = Release|Any CPU
		{5906E077-2449-4941-89E0-E3C8A145476E}.Release|Any CPU.Build.0 = Release|Any CPU
	EndGlobalSection
	GlobalSection(SolutionProperties) = preSolution
		HideSolutionNode = FALSE
	EndGlobalSection
	GlobalSection(ExtensibilityGlobals) = postSolution
		SolutionGuid = {B4D0E15F-640E-4D79-B86B-29EAE9B279C3}
	EndGlobalSection
EndGlobal
